
Microsoft Visual Studio Solution File, Format Version 12.00
# Visual Studio Version 16
VisualStudioVersion = 16.0.30413.136
MinimumVisualStudioVersion = 10.0.40219.1
Project("{F184B08F-C81C-45F6-A57F-5ABD9991F28F}") = "Reportes", "Reportes\Reportes.vbproj", "{A6A42163-810B-4ED9-8058-AC890A93BD53}"
EndProject
Global
	GlobalSection(SolutionConfigurationPlatforms) = preSolution
		Debug|Any CPU = Debug|Any CPU
		Release|Any CPU = Release|Any CPU
	EndGlobalSection
	GlobalSection(ProjectConfigurationPlatforms) = postSolution
		{A6A42163-810B-4ED9-8058-AC890A93BD53}.Debug|Any CPU.ActiveCfg = Debug|Any CPU
		{A6A42163-810B-4ED9-8058-AC890A93BD53}.Debug|Any CPU.Build.0 = Debug|Any CPU
		{A6A42163-810B-4ED9-8058-AC890A93BD53}.Release|Any CPU.ActiveCfg = Release|Any CPU
		{A6A42163-810B-4ED9-8058-AC890A93BD53}.Release|Any CPU.Build.0 = Release|Any CPU
	EndGlobalSection
	GlobalSection(SolutionProperties) = preSolution
		HideSolutionNode = FALSE
	EndGlobalSection
	GlobalSection(ExtensibilityGlobals) = postSolution
		SolutionGuid = {2C0862D4-57D9-43AF-A61B-CD427F30F0D7}
	EndGlobalSection
EndGlobal
